{
  "name": "saude total",
  "lockfileVersion": 3,
  "requires": true,
  "packages": {
    "": {
      "dependencies": {
        "lucide": "^0.509.0"
      }
    },
    "node_modules/lucide": {
      "version": "0.509.0",
      "resolved": "https://registry.npmjs.org/lucide/-/lucide-0.509.0.tgz",
      "integrity": "sha512-+PUi/uilEjgcBuaLXq4y4fh/AHLgFuFyNrMbezuhofkiqRZbbj6cf5E29VndCuFcGsGpo9WIKocmfBB2GTvS7w==",
      "license": "ISC"
    }
  }
}
